
Microsoft Visual Studio Solution File, Format Version 12.00
# Visual Studio 2017
Project("{FAE04EC0-301F-11D3-BF4B-00C04F79EFBC}") = "HoloToolkitTest", "HoloToolkitTest.csproj", "{3BEB496F-DF21-5CDB-9FC9-2F6DD8BFDC2B}"
EndProject
Project("{FAE04EC0-301F-11D3-BF4B-00C04F79EFBC}") = "HoloToolkitTest.Editor", "HoloToolkitTest.Editor.csproj", "{3C0B733C-E49B-9547-9581-2372A862A26A}"
EndProject
Global
	GlobalSection(SolutionConfigurationPlatforms) = preSolution
		Debug|Any CPU = Debug|Any CPU
		Release|Any CPU = Release|Any CPU
	EndGlobalSection
	GlobalSection(ProjectConfigurationPlatforms) = postSolution
		{3BEB496F-DF21-5CDB-9FC9-2F6DD8BFDC2B}.Debug|Any CPU.ActiveCfg = Debug|Any CPU
		{3BEB496F-DF21-5CDB-9FC9-2F6DD8BFDC2B}.Debug|Any CPU.Build.0 = Debug|Any CPU
		{3BEB496F-DF21-5CDB-9FC9-2F6DD8BFDC2B}.Release|Any CPU.ActiveCfg = Release|Any CPU
		{3BEB496F-DF21-5CDB-9FC9-2F6DD8BFDC2B}.Release|Any CPU.Build.0 = Release|Any CPU
		{3C0B733C-E49B-9547-9581-2372A862A26A}.Debug|Any CPU.ActiveCfg = Debug|Any CPU
		{3C0B733C-E49B-9547-9581-2372A862A26A}.Debug|Any CPU.Build.0 = Debug|Any CPU
		{3C0B733C-E49B-9547-9581-2372A862A26A}.Release|Any CPU.ActiveCfg = Release|Any CPU
		{3C0B733C-E49B-9547-9581-2372A862A26A}.Release|Any CPU.Build.0 = Release|Any CPU
	EndGlobalSection
	GlobalSection(SolutionProperties) = preSolution
		HideSolutionNode = FALSE
	EndGlobalSection
EndGlobal
